
Microsoft Visual Studio Solution File, Format Version 12.00
# Visual Studio Version 16
VisualStudioVersion = 16.0.30907.101
MinimumVisualStudioVersion = 10.0.40219.1
Project("{9A19103F-16F7-4668-BE54-9A1E7A4F7556}") = "Application", "repository\Application\Application.csproj", "{137B3808-9C0C-40B8-AFFB-EE80DD8A772F}"
EndProject
Project("{FAE04EC0-301F-11D3-BF4B-00C04F79EFBC}") = "Test", "repository\Test\Test.csproj", "{122978D7-F829-422D-B6FB-AB7E2B535E15}"
EndProject
Global
	GlobalSection(SolutionConfigurationPlatforms) = preSolution
		Debug|Any CPU = Debug|Any CPU
		Release|Any CPU = Release|Any CPU
	EndGlobalSection
	GlobalSection(ProjectConfigurationPlatforms) = postSolution
		{137B3808-9C0C-40B8-AFFB-EE80DD8A772F}.Debug|Any CPU.ActiveCfg = Debug|Any CPU
		{137B3808-9C0C-40B8-AFFB-EE80DD8A772F}.Debug|Any CPU.Build.0 = Debug|Any CPU
		{137B3808-9C0C-40B8-AFFB-EE80DD8A772F}.Release|Any CPU.ActiveCfg = Release|Any CPU
		{137B3808-9C0C-40B8-AFFB-EE80DD8A772F}.Release|Any CPU.Build.0 = Release|Any CPU
		{122978D7-F829-422D-B6FB-AB7E2B535E15}.Debug|Any CPU.ActiveCfg = Debug|Any CPU
		{122978D7-F829-422D-B6FB-AB7E2B535E15}.Debug|Any CPU.Build.0 = Debug|Any CPU
		{122978D7-F829-422D-B6FB-AB7E2B535E15}.Release|Any CPU.ActiveCfg = Release|Any CPU
		{122978D7-F829-422D-B6FB-AB7E2B535E15}.Release|Any CPU.Build.0 = Release|Any CPU
	EndGlobalSection
	GlobalSection(SolutionProperties) = preSolution
		HideSolutionNode = FALSE
	EndGlobalSection
	GlobalSection(ExtensibilityGlobals) = postSolution
		SolutionGuid = {573C5BBB-97E3-4FCA-B419-FA07AA5421FE}
	EndGlobalSection
EndGlobal
